
Microsoft Visual Studio Solution File, Format Version 12.00
# Visual Studio Version 17
VisualStudioVersion = 17.5.002.0
MinimumVisualStudioVersion = 10.0.40219.1
Project("{9A19103F-16F7-4668-BE54-9A1E7A4F7556}") = "Sandbox", "Sandbox\Sandbox.csproj", "{3445160D-5B5D-44BF-8E8F-DF3FFC2811F2}"
EndProject
Global
	GlobalSection(SolutionConfigurationPlatforms) = preSolution
		Debug|Any CPU = Debug|Any CPU
		Release|Any CPU = Release|Any CPU
	EndGlobalSection
	GlobalSection(ProjectConfigurationPlatforms) = postSolution
		{3445160D-5B5D-44BF-8E8F-DF3FFC2811F2}.Debug|Any CPU.ActiveCfg = Debug|Any CPU
		{3445160D-5B5D-44BF-8E8F-DF3FFC2811F2}.Debug|Any CPU.Build.0 = Debug|Any CPU
		{3445160D-5B5D-44BF-8E8F-DF3FFC2811F2}.Release|Any CPU.ActiveCfg = Release|Any CPU
		{3445160D-5B5D-44BF-8E8F-DF3FFC2811F2}.Release|Any CPU.Build.0 = Release|Any CPU
	EndGlobalSection
	GlobalSection(SolutionProperties) = preSolution
		HideSolutionNode = FALSE
	EndGlobalSection
	GlobalSection(ExtensibilityGlobals) = postSolution
		SolutionGuid = {A8E0159F-67A5-476D-906C-BA61F6C888D7}
	EndGlobalSection
EndGlobal
